
Microsoft Visual Studio Solution File, Format Version 12.00
# Visual Studio Version 16
VisualStudioVersion = 16.0.29519.181
MinimumVisualStudioVersion = 10.0.40219.1
Project("{F184B08F-C81C-45F6-A57F-5ABD9991F28F}") = "PTSHOPLITE", "PTSHOPLITE\PTSHOPLITE.vbproj", "{34265B6C-10F5-47E3-ACC3-2F9EFA1FF784}"
EndProject
Project("{C7167F0D-BC9F-4E6E-AFE1-012C56B48DB5}") = "PTSHOPLITE Package", "PTSHOPLITE Package\PTSHOPLITE Package.wapproj", "{8369A1C6-9F24-469C-B432-9D64D147C6B0}"
EndProject
Global
	GlobalSection(SolutionConfigurationPlatforms) = preSolution
		Debug|Any CPU = Debug|Any CPU
		Debug|ARM = Debug|ARM
		Debug|ARM64 = Debug|ARM64
		Debug|x64 = Debug|x64
		Debug|x86 = Debug|x86
		Release|Any CPU = Release|Any CPU
		Release|ARM = Release|ARM
		Release|ARM64 = Release|ARM64
		Release|x64 = Release|x64
		Release|x86 = Release|x86
	EndGlobalSection
	GlobalSection(ProjectConfigurationPlatforms) = postSolution
		{34265B6C-10F5-47E3-ACC3-2F9EFA1FF784}.Debug|Any CPU.ActiveCfg = Debug|Any CPU
		{34265B6C-10F5-47E3-ACC3-2F9EFA1FF784}.Debug|Any CPU.Build.0 = Debug|Any CPU
		{34265B6C-10F5-47E3-ACC3-2F9EFA1FF784}.Debug|ARM.ActiveCfg = Debug|Any CPU
		{34265B6C-10F5-47E3-ACC3-2F9EFA1FF784}.Debug|ARM.Build.0 = Debug|Any CPU
		{34265B6C-10F5-47E3-ACC3-2F9EFA1FF784}.Debug|ARM64.ActiveCfg = Debug|Any CPU
		{34265B6C-10F5-47E3-ACC3-2F9EFA1FF784}.Debug|ARM64.Build.0 = Debug|Any CPU
		{34265B6C-10F5-47E3-ACC3-2F9EFA1FF784}.Debug|x64.ActiveCfg = Debug|Any CPU
		{34265B6C-10F5-47E3-ACC3-2F9EFA1FF784}.Debug|x64.Build.0 = Debug|Any CPU
		{34265B6C-10F5-47E3-ACC3-2F9EFA1FF784}.Debug|x86.ActiveCfg = Debug|Any CPU
		{34265B6C-10F5-47E3-ACC3-2F9EFA1FF784}.Debug|x86.Build.0 = Debug|Any CPU
		{34265B6C-10F5-47E3-ACC3-2F9EFA1FF784}.Release|Any CPU.ActiveCfg = Release|Any CPU
		{34265B6C-10F5-47E3-ACC3-2F9EFA1FF784}.Release|Any CPU.Build.0 = Release|Any CPU
		{34265B6C-10F5-47E3-ACC3-2F9EFA1FF784}.Release|ARM.ActiveCfg = Release|Any CPU
		{34265B6C-10F5-47E3-ACC3-2F9EFA1FF784}.Release|ARM.Build.0 = Release|Any CPU
		{34265B6C-10F5-47E3-ACC3-2F9EFA1FF784}.Release|ARM64.ActiveCfg = Release|Any CPU
		{34265B6C-10F5-47E3-ACC3-2F9EFA1FF784}.Release|ARM64.Build.0 = Release|Any CPU
		{34265B6C-10F5-47E3-ACC3-2F9EFA1FF784}.Release|x64.ActiveCfg = Release|Any CPU
		{34265B6C-10F5-47E3-ACC3-2F9EFA1FF784}.Release|x64.Build.0 = Release|Any CPU
		{34265B6C-10F5-47E3-ACC3-2F9EFA1FF784}.Release|x86.ActiveCfg = Release|Any CPU
		{34265B6C-10F5-47E3-ACC3-2F9EFA1FF784}.Release|x86.Build.0 = Release|Any CPU
		{8369A1C6-9F24-469C-B432-9D64D147C6B0}.Debug|Any CPU.ActiveCfg = Debug|Any CPU
		{8369A1C6-9F24-469C-B432-9D64D147C6B0}.Debug|Any CPU.Build.0 = Debug|Any CPU
		{8369A1C6-9F24-469C-B432-9D64D147C6B0}.Debug|Any CPU.Deploy.0 = Debug|Any CPU
		{8369A1C6-9F24-469C-B432-9D64D147C6B0}.Debug|ARM.ActiveCfg = Debug|ARM
		{8369A1C6-9F24-469C-B432-9D64D147C6B0}.Debug|ARM.Build.0 = Debug|ARM
		{8369A1C6-9F24-469C-B432-9D64D147C6B0}.Debug|ARM.Deploy.0 = Debug|ARM
		{8369A1C6-9F24-469C-B432-9D64D147C6B0}.Debug|ARM64.ActiveCfg = Debug|ARM64
		{8369A1C6-9F24-469C-B432-9D64D147C6B0}.Debug|ARM64.Build.0 = Debug|ARM64
		{8369A1C6-9F24-469C-B432-9D64D147C6B0}.Debug|ARM64.Deploy.0 = Debug|ARM64
		{8369A1C6-9F24-469C-B432-9D64D147C6B0}.Debug|x64.ActiveCfg = Debug|x64
		{8369A1C6-9F24-469C-B432-9D64D147C6B0}.Debug|x64.Build.0 = Debug|x64
		{8369A1C6-9F24-469C-B432-9D64D147C6B0}.Debug|x64.Deploy.0 = Debug|x64
		{8369A1C6-9F24-469C-B432-9D64D147C6B0}.Debug|x86.ActiveCfg = Debug|x86
		{8369A1C6-9F24-469C-B432-9D64D147C6B0}.Debug|x86.Build.0 = Debug|x86
		{8369A1C6-9F24-469C-B432-9D64D147C6B0}.Debug|x86.Deploy.0 = Debug|x86
		{8369A1C6-9F24-469C-B432-9D64D147C6B0}.Release|Any CPU.ActiveCfg = Release|Any CPU
		{8369A1C6-9F24-469C-B432-9D64D147C6B0}.Release|Any CPU.Build.0 = Release|Any CPU
		{8369A1C6-9F24-469C-B432-9D64D147C6B0}.Release|Any CPU.Deploy.0 = Release|Any CPU
		{8369A1C6-9F24-469C-B432-9D64D147C6B0}.Release|ARM.ActiveCfg = Release|ARM
		{8369A1C6-9F24-469C-B432-9D64D147C6B0}.Release|ARM.Build.0 = Release|ARM
		{8369A1C6-9F24-469C-B432-9D64D147C6B0}.Release|ARM.Deploy.0 = Release|ARM
		{8369A1C6-9F24-469C-B432-9D64D147C6B0}.Release|ARM64.ActiveCfg = Release|ARM64
		{8369A1C6-9F24-469C-B432-9D64D147C6B0}.Release|ARM64.Build.0 = Release|ARM64
		{8369A1C6-9F24-469C-B432-9D64D147C6B0}.Release|ARM64.Deploy.0 = Release|ARM64
		{8369A1C6-9F24-469C-B432-9D64D147C6B0}.Release|x64.ActiveCfg = Release|x64
		{8369A1C6-9F24-469C-B432-9D64D147C6B0}.Release|x64.Build.0 = Release|x64
		{8369A1C6-9F24-469C-B432-9D64D147C6B0}.Release|x64.Deploy.0 = Release|x64
		{8369A1C6-9F24-469C-B432-9D64D147C6B0}.Release|x86.ActiveCfg = Release|x86
		{8369A1C6-9F24-469C-B432-9D64D147C6B0}.Release|x86.Build.0 = Release|x86
		{8369A1C6-9F24-469C-B432-9D64D147C6B0}.Release|x86.Deploy.0 = Release|x86
	EndGlobalSection
	GlobalSection(SolutionProperties) = preSolution
		HideSolutionNode = FALSE
	EndGlobalSection
	GlobalSection(ExtensibilityGlobals) = postSolution
		SolutionGuid = {B622E64F-D9F3-40AF-ABB3-605359AA3D0C}
	EndGlobalSection
EndGlobal
